// !$*UTF8*$!
{
	archiveVersion = 1;
	classes = {
	};
	objectVersion = 46;
	objects = {

/* Begin PBXBuildFile section */
		6521CA981CEB347D00AA61F4 /* AppDelegate.swift in Sources */ = {isa = PBXBuildFile; fileRef = 6521CA971CEB347D00AA61F4 /* AppDelegate.swift */; };
		6521CA9A1CEB347D00AA61F4 /* ViewController.swift in Sources */ = {isa = PBXBuildFile; fileRef = 6521CA991CEB347D00AA61F4 /* ViewController.swift */; };
		6521CA9D1CEB347D00AA61F4 /* TestOSX.xcdatamodeld in Sources */ = {isa = PBXBuildFile; fileRef = 6521CA9B1CEB347D00AA61F4 /* TestOSX.xcdatamodeld */; };
		6521CA9F1CEB347D00AA61F4 /* Assets.xcassets in Resources */ = {isa = PBXBuildFile; fileRef = 6521CA9E1CEB347D00AA61F4 /* Assets.xcassets */; };
		6521CAA21CEB347D00AA61F4 /* Main.storyboard in Resources */ = {isa = PBXBuildFile; fileRef = 6521CAA01CEB347D00AA61F4 /* Main.storyboard */; };
		6521CAAD1CEB347D00AA61F4 /* TestOSXTests.swift in Sources */ = {isa = PBXBuildFile; fileRef = 6521CAAC1CEB347D00AA61F4 /* TestOSXTests.swift */; };
/* End PBXBuildFile section */

/* Begin PBXContainerItemProxy section */
		6521CAA91CEB347D00AA61F4 /* PBXContainerItemProxy */ = {
			isa = PBXContainerItemProxy;
			containerPortal = 6521CA8C1CEB347D00AA61F4 /* Project object */;
			proxyType = 1;
			remoteGlobalIDString = 6521CA931CEB347D00AA61F4;
			remoteInfo = TestOSX;
		};
/* End PBXContainerItemProxy section */

/* Begin PBXFileReference section */
		6521CA941CEB347D00AA61F4 /* TestOSX.app */ = {isa = PBXFileReference; explicitFileType = wrapper.application; includeInIndex = 0; path = TestOSX.app; sourceTree = BUILT_PRODUCTS_DIR; };
		6521CA971CEB347D00AA61F4 /* AppDelegate.swift */ = {isa = PBXFileReference; lastKnownFileType = sourcecode.swift; path = AppDelegate.swift; sourceTree = "<group>"; };
		6521CA991CEB347D00AA61F4 /* ViewController.swift */ = {isa = PBXFileReference; lastKnownFileType = sourcecode.swift; path = ViewController.swift; sourceTree = "<group>"; };
		6521CA9C1CEB347D00AA61F4 /* TestOSX.xcdatamodel */ = {isa = PBXFileReference; lastKnownFileType = wrapper.xcdatamodel; path = TestOSX.xcdatamodel; sourceTree = "<group>"; };
		6521CA9E1CEB347D00AA61F4 /* Assets.xcassets */ = {isa = PBXFileReference; lastKnownFileType = folder.assetcatalog; path = Assets.xcassets; sourceTree = "<group>"; };
		6521CAA11CEB347D00AA61F4 /* Base */ = {isa = PBXFileReference; lastKnownFileType = file.storyboard; name = Base; path = Base.lproj/Main.storyboard; sourceTree = "<group>"; };
		6521CAA31CEB347D00AA61F4 /* Info.plist */ = {isa = PBXFileReference; lastKnownFileType = text.plist.xml; path = Info.plist; sourceTree = "<group>"; };
		6521CAA81CEB347D00AA61F4 /* TestOSXTests.xctest */ = {isa = PBXFileReference; explicitFileType = wrapper.cfbundle; includeInIndex = 0; path = TestOSXTests.xctest; sourceTree = BUILT_PRODUCTS_DIR; };
		6521CAAC1CEB347D00AA61F4 /* TestOSXTests.swift */ = {isa = PBXFileReference; lastKnownFileType = sourcecode.swift; path = TestOSXTests.swift; sourceTree = "<group>"; };
		6521CAAE1CEB347D00AA61F4 /* Info.plist */ = {isa = PBXFileReference; lastKnownFileType = text.plist.xml; path = Info.plist; sourceTree = "<group>"; };
/* End PBXFileReference section */

/* Begin PBXFrameworksBuildPhase section */
		6521CA911CEB347D00AA61F4 /* Frameworks */ = {
			isa = PBXFrameworksBuildPhase;
			buildActionMask = 2147483647;
			files = (
			);
			runOnlyForDeploymentPostprocessing = 0;
		};
		6521CAA51CEB347D00AA61F4 /* Frameworks */ = {
			isa = PBXFrameworksBuildPhase;
			buildActionMask = 2147483647;
			files = (
			);
			runOnlyForDeploymentPostprocessing = 0;
		};
/* End PBXFrameworksBuildPhase section */

/* Begin PBXGroup section */
		6521CA8B1CEB347D00AA61F4 = {
			isa = PBXGroup;
			children = (
				6521CA961CEB347D00AA61F4 /* TestOSX */,
				6521CAAB1CEB347D00AA61F4 /* TestOSXTests */,
				6521CA951CEB347D00AA61F4 /* Products */,
			);
			sourceTree = "<group>";
		};
		6521CA951CEB347D00AA61F4 /* Products */ = {
			isa = PBXGroup;
			children = (
				6521CA941CEB347D00AA61F4 /* TestOSX.app */,
				6521CAA81CEB347D00AA61F4 /* TestOSXTests.xctest */,
			);
			name = Products;
			sourceTree = "<group>";
		};
		6521CA961CEB347D00AA61F4 /* TestOSX */ = {
			isa = PBXGroup;
			children = (
				6521CA971CEB347D00AA61F4 /* AppDelegate.swift */,
				6521CA991CEB347D00AA61F4 /* ViewController.swift */,
				6521CA9E1CEB347D00AA61F4 /* Assets.xcassets */,
				6521CAA01CEB347D00AA61F4 /* Main.storyboard */,
				6521CAA31CEB347D00AA61F4 /* Info.plist */,
				6521CA9B1CEB347D00AA61F4 /* TestOSX.xcdatamodeld */,
			);
			path = TestOSX;
			sourceTree = "<group>";
		};
		6521CAAB1CEB347D00AA61F4 /* TestOSXTests */ = {
			isa = PBXGroup;
			children = (
				6521CAAC1CEB347D00AA61F4 /* TestOSXTests.swift */,
				6521CAAE1CEB347D00AA61F4 /* Info.plist */,
			);
			path = TestOSXTests;
			sourceTree = "<group>";
		};
/* End PBXGroup section */

/* Begin PBXNativeTarget section */
		6521CA931CEB347D00AA61F4 /* TestOSX */ = {
			isa = PBXNativeTarget;
			buildConfigurationList = 6521CAB11CEB347D00AA61F4 /* Build configuration list for PBXNativeTarget "TestOSX" */;
			buildPhases = (
				6521CA901CEB347D00AA61F4 /* Sources */,
				6521CA911CEB347D00AA61F4 /* Frameworks */,
				6521CA921CEB347D00AA61F4 /* Resources */,
			);
			buildRules = (
			);
			dependencies = (
			);
			name = TestOSX;
			productName = TestOSX;
			productReference = 6521CA941CEB347D00AA61F4 /* TestOSX.app */;
			productType = "com.apple.product-type.application";
		};
		6521CAA71CEB347D00AA61F4 /* TestOSXTests */ = {
			isa = PBXNativeTarget;
			buildConfigurationList = 6521CAB41CEB347D00AA61F4 /* Build configuration list for PBXNativeTarget "TestOSXTests" */;
			buildPhases = (
				6521CAA41CEB347D00AA61F4 /* Sources */,
				6521CAA51CEB347D00AA61F4 /* Frameworks */,
				6521CAA61CEB347D00AA61F4 /* Resources */,
			);
			buildRules = (
			);
			dependencies = (
				6521CAAA1CEB347D00AA61F4 /* PBXTargetDependency */,
			);
			name = TestOSXTests;
			productName = TestOSXTests;
			productReference = 6521CAA81CEB347D00AA61F4 /* TestOSXTests.xctest */;
			productType = "com.apple.product-type.bundle.unit-test";
		};
/* End PBXNativeTarget section */

/* Begin PBXProject section */
		6521CA8C1CEB347D00AA61F4 /* Project object */ = {
			isa = PBXProject;
			attributes = {
				LastSwiftUpdateCheck = 0730;
				LastUpgradeCheck = 0730;
				ORGANIZATIONNAME = "Daniel Freeman";
				TargetAttributes = {
					6521CA931CEB347D00AA61F4 = {
						CreatedOnToolsVersion = 7.3.1;
					};
					6521CAA71CEB347D00AA61F4 = {
						CreatedOnToolsVersion = 7.3.1;
						TestTargetID = 6521CA931CEB347D00AA61F4;
					};
				};
			};
			buildConfigurationList = 6521CA8F1CEB347D00AA61F4 /* Build configuration list for PBXProject "TestOSX" */;
			compatibilityVersion = "Xcode 3.2";
			developmentRegion = English;
			hasScannedForEncodings = 0;
			knownRegions = (
				en,
				Base,
			);
			mainGroup = 6521CA8B1CEB347D00AA61F4;
			productRefGroup = 6521CA951CEB347D00AA61F4 /* Products */;
			projectDirPath = "";
			projectRoot = "";
			targets = (
				6521CA931CEB347D00AA61F4 /* TestOSX */,
				6521CAA71CEB347D00AA61F4 /* TestOSXTests */,
			);
		};
/* End PBXProject section */

/* Begin PBXResourcesBuildPhase section */
		6521CA921CEB347D00AA61F4 /* Resources */ = {
			isa = PBXResourcesBuildPhase;
			buildActionMask = 2147483647;
			files = (
				6521CA9F1CEB347D00AA61F4 /* Assets.xcassets in Resources */,
				6521CAA21CEB347D00AA61F4 /* Main.storyboard in Resources */,
			);
			runOnlyForDeploymentPostprocessing = 0;
		};
		6521CAA61CEB347D00AA61F4 /* Resources */ = {
			isa = PBXResourcesBuildPhase;
			buildActionMask = 2147483647;
			files = (
			);
			runOnlyForDeploymentPostprocessing = 0;
		};
/* End PBXResourcesBuildPhase section */

/* Begin PBXSourcesBuildPhase section */
		6521CA901CEB347D00AA61F4 /* Sources */ = {
			isa = PBXSourcesBuildPhase;
			buildActionMask = 2147483647;
			files = (
				6521CA9A1CEB347D00AA61F4 /* ViewController.swift in Sources */,
				6521CA981CEB347D00AA61F4 /* AppDelegate.swift in Sources */,
				6521CA9D1CEB347D00AA61F4 /* TestOSX.xcdatamodeld in Sources */,
			);
			runOnlyForDeploymentPostprocessing = 0;
		};
		6521CAA41CEB347D00AA61F4 /* Sources */ = {
			isa = PBXSourcesBuildPhase;
			buildActionMask = 2147483647;
			files = (
				6521CAAD1CEB347D00AA61F4 /* TestOSXTests.swift in Sources */,
			);
			runOnlyForDeploymentPostprocessing = 0;
		};
/* End PBXSourcesBuildPhase section */

/* Begin PBXTargetDependency section */
		6521CAAA1CEB347D00AA61F4 /* PBXTargetDependency */ = {
			isa = PBXTargetDependency;
			target = 6521CA931CEB347D00AA61F4 /* TestOSX */;
			targetProxy = 6521CAA91CEB347D00AA61F4 /* PBXContainerItemProxy */;
		};
/* End PBXTargetDependency section */

/* Begin PBXVariantGroup section */
		6521CAA01CEB347D00AA61F4 /* Main.storyboard */ = {
			isa = PBXVariantGroup;
			children = (
				6521CAA11CEB347D00AA61F4 /* Base */,
			);
			name = Main.storyboard;
			sourceTree = "<group>";
		};
/* End PBXVariantGroup section */

/* Begin XCBuildConfiguration section */
		6521CAAF1CEB347D00AA61F4 /* Debug */ = {
			isa = XCBuildConfiguration;
			buildSettings = {
				ALWAYS_SEARCH_USER_PATHS = NO;
				CLANG_ANALYZER_NONNULL = YES;
				CLANG_CXX_LANGUAGE_STANDARD = "gnu++0x";
				CLANG_CXX_LIBRARY = "libc++";
				CLANG_ENABLE_MODULES = YES;
				CLANG_ENABLE_OBJC_ARC = YES;
				CLANG_WARN_BOOL_CONVERSION = YES;
				CLANG_WARN_CONSTANT_CONVERSION = YES;
				CLANG_WARN_DIRECT_OBJC_ISA_USAGE = YES_ERROR;
				CLANG_WARN_EMPTY_BODY = YES;
				CLANG_WARN_ENUM_CONVERSION = YES;
				CLANG_WARN_INT_CONVERSION = YES;
				CLANG_WARN_OBJC_ROOT_CLASS = YES_ERROR;
				CLANG_WARN_UNREACHABLE_CODE = YES;
				CLANG_WARN__DUPLICATE_METHOD_MATCH = YES;
				CODE_SIGN_IDENTITY = "-";
				COPY_PHASE_STRIP = NO;
				DEBUG_INFORMATION_FORMAT = dwarf;
				ENABLE_STRICT_OBJC_MSGSEND = YES;
				ENABLE_TESTABILITY = YES;
				GCC_C_LANGUAGE_STANDARD = gnu99;
				GCC_DYNAMIC_NO_PIC = NO;
				GCC_NO_COMMON_BLOCKS = YES;
				GCC_OPTIMIZATION_LEVEL = 0;
				GCC_PREPROCESSOR_DEFINITIONS = (
					"DEBUG=1",
					"$(inherited)",
				);
				GCC_WARN_64_TO_32_BIT_CONVERSION = YES;
				GCC_WARN_ABOUT_RETURN_TYPE = YES_ERROR;
				GCC_WARN_UNDECLARED_SELECTOR = YES;
				GCC_WARN_UNINITIALIZED_AUTOS = YES_AGGRESSIVE;
				GCC_WARN_UNUSED_FUNCTION = YES;
				GCC_WARN_UNUSED_VARIABLE = YES;
				MACOSX_DEPLOYMENT_TARGET = 10.11;
				MTL_ENABLE_DEBUG_INFO = YES;
				ONLY_ACTIVE_ARCH = YES;
				SDKROOT = macosx;
				SWIFT_OPTIMIZATION_LEVEL = "-Onone";
			};
			name = Debug;
		};
		6521CAB01CEB347D00AA61F4 /* Release */ = {
			isa = XCBuildConfiguration;
			buildSettings = {
				ALWAYS_SEARCH_USER_PATHS = NO;
				CLANG_ANALYZER_NONNULL = YES;
				CLANG_CXX_LANGUAGE_STANDARD = "gnu++0x";
				CLANG_CXX_LIBRARY = "libc++";
				CLANG_ENABLE_MODULES = YES;
				CLANG_ENABLE_OBJC_ARC = YES;
				CLANG_WARN_BOOL_CONVERSION = YES;
				CLANG_WARN_CONSTANT_CONVERSION = YES;
				CLANG_WARN_DIRECT_OBJC_ISA_USAGE = YES_ERROR;
				CLANG_WARN_EMPTY_BODY = YES;
				CLANG_WARN_ENUM_CONVERSION = YES;
				CLANG_WARN_INT_CONVERSION = YES;
				CLANG_WARN_OBJC_ROOT_CLASS = YES_ERROR;
				CLANG_WARN_UNREACHABLE_CODE = YES;
				CLANG_WARN__DUPLICATE_METHOD_MATCH = YES;
				CODE_SIGN_IDENTITY = "-";
				COPY_PHASE_STRIP = NO;
				DEBUG_INFORMATION_FORMAT = "dwarf-with-dsym";
				ENABLE_NS_ASSERTIONS = NO;
				ENABLE_STRICT_OBJC_MSGSEND = YES;
				GCC_C_LANGUAGE_STANDARD = gnu99;
				GCC_NO_COMMON_BLOCKS = YES;
				GCC_WARN_64_TO_32_BIT_CONVERSION = YES;
				GCC_WARN_ABOUT_RETURN_TYPE = YES_ERROR;
				GCC_WARN_UNDECLARED_SELECTOR = YES;
				GCC_WARN_UNINITIALIZED_AUTOS = YES_AGGRESSIVE;
				GCC_WARN_UNUSED_FUNCTION = YES;
				GCC_WARN_UNUSED_VARIABLE = YES;
				MACOSX_DEPLOYMENT_TARGET = 10.11;
				MTL_ENABLE_DEBUG_INFO = NO;
				SDKROOT = macosx;
			};
			name = Release;
		};
		6521CAB21CEB347D00AA61F4 /* Debug */ = {
			isa = XCBuildConfiguration;
			buildSettings = {
				ASSETCATALOG_COMPILER_APPICON_NAME = AppIcon;
				COMBINE_HIDPI_IMAGES = YES;
				INFOPLIST_FILE = TestOSX/Info.plist;
				LD_RUNPATH_SEARCH_PATHS = "$(inherited) @executable_path/../Frameworks";
				PRODUCT_BUNDLE_IDENTIFIER = com.example.TestOSX;
				PRODUCT_NAME = "$(TARGET_NAME)";
			};
			name = Debug;
		};
		6521CAB31CEB347D00AA61F4 /* Release */ = {
			isa = XCBuildConfiguration;
			buildSettings = {
				ASSETCATALOG_COMPILER_APPICON_NAME = AppIcon;
				COMBINE_HIDPI_IMAGES = YES;
				INFOPLIST_FILE = TestOSX/Info.plist;
				LD_RUNPATH_SEARCH_PATHS = "$(inherited) @executable_path/../Frameworks";
				PRODUCT_BUNDLE_IDENTIFIER = com.example.TestOSX;
				PRODUCT_NAME = "$(TARGET_NAME)";
			};
			name = Release;
		};
		6521CAB51CEB347D00AA61F4 /* Debug */ = {
			isa = XCBuildConfiguration;
			buildSettings = {
				BUNDLE_LOADER = "$(TEST_HOST)";
				COMBINE_HIDPI_IMAGES = YES;
				INFOPLIST_FILE = TestOSXTests/Info.plist;
				LD_RUNPATH_SEARCH_PATHS = "$(inherited) @executable_path/../Frameworks @loader_path/../Frameworks";
				PRODUCT_BUNDLE_IDENTIFIER = com.example.TestOSXTests;
				PRODUCT_NAME = "$(TARGET_NAME)";
				TEST_HOST = "$(BUILT_PRODUCTS_DIR)/TestOSX.app/Contents/MacOS/TestOSX";
			};
			name = Debug;
		};
		6521CAB61CEB347D00AA61F4 /* Release */ = {
			isa = XCBuildConfiguration;
			buildSettings = {
				BUNDLE_LOADER = "$(TEST_HOST)";
				COMBINE_HIDPI_IMAGES = YES;
				INFOPLIST_FILE = TestOSXTests/Info.plist;
				LD_RUNPATH_SEARCH_PATHS = "$(inherited) @executable_path/../Frameworks @loader_path/../Frameworks";
				PRODUCT_BUNDLE_IDENTIFIER = com.example.TestOSXTests;
				PRODUCT_NAME = "$(TARGET_NAME)";
				TEST_HOST = "$(BUILT_PRODUCTS_DIR)/TestOSX.app/Contents/MacOS/TestOSX";
			};
			name = Release;
		};
/* End XCBuildConfiguration section */

/* Begin XCConfigurationList section */
		6521CA8F1CEB347D00AA61F4 /* Build configuration list for PBXProject "TestOSX" */ = {
			isa = XCConfigurationList;
			buildConfigurations = (
				6521CAAF1CEB347D00AA61F4 /* Debug */,
				6521CAB01CEB347D00AA61F4 /* Release */,
			);
			defaultConfigurationIsVisible = 0;
			defaultConfigurationName = Release;
		};
		6521CAB11CEB347D00AA61F4 /* Build configuration list for PBXNativeTarget "TestOSX" */ = {
			isa = XCConfigurationList;
			buildConfigurations = (
				6521CAB21CEB347D00AA61F4 /* Debug */,
				6521CAB31CEB347D00AA61F4 /* Release */,
			);
			defaultConfigurationIsVisible = 0;
		};
		6521CAB41CEB347D00AA61F4 /* Build configuration list for PBXNativeTarget "TestOSXTests" */ = {
			isa = XCConfigurationList;
			buildConfigurations = (
				6521CAB51CEB347D00AA61F4 /* Debug */,
				6521CAB61CEB347D00AA61F4 /* Release */,
			);
			defaultConfigurationIsVisible = 0;
		};
/* End XCConfigurationList section */

/* Begin XCVersionGroup section */
		6521CA9B1CEB347D00AA61F4 /* TestOSX.xcdatamodeld */ = {
			isa = XCVersionGroup;
			children = (
				6521CA9C1CEB347D00AA61F4 /* TestOSX.xcdatamodel */,
			);
			currentVersion = 6521CA9C1CEB347D00AA61F4 /* TestOSX.xcdatamodel */;
			path = TestOSX.xcdatamodeld;
			sourceTree = "<group>";
			versionGroupType = wrapper.xcdatamodel;
		};
/* End XCVersionGroup section */
	};
	rootObject = 6521CA8C1CEB347D00AA61F4 /* Project object */;
}
