// !$*UTF8*$!
{
	archiveVersion = 1;
	classes = {
	};
	objectVersion = 46;
	objects = {

/* Begin PBXBuildFile section */
		65C3A9E51D5058C700B8B294 /* AppDelegate.swift in Sources */ = {isa = PBXBuildFile; fileRef = 65C3A9E41D5058C700B8B294 /* AppDelegate.swift */; };
		65C3A9E71D5058C700B8B294 /* ViewController.swift in Sources */ = {isa = PBXBuildFile; fileRef = 65C3A9E61D5058C700B8B294 /* ViewController.swift */; };
		65C3A9EA1D5058C700B8B294 /* Main.storyboard in Resources */ = {isa = PBXBuildFile; fileRef = 65C3A9E81D5058C700B8B294 /* Main.storyboard */; };
		65C3A9EC1D5058C700B8B294 /* Assets.xcassets in Resources */ = {isa = PBXBuildFile; fileRef = 65C3A9EB1D5058C700B8B294 /* Assets.xcassets */; };
		65C3A9EF1D5058C700B8B294 /* LaunchScreen.storyboard in Resources */ = {isa = PBXBuildFile; fileRef = 65C3A9ED1D5058C700B8B294 /* LaunchScreen.storyboard */; };
		65C3A9F71D505A7200B8B294 /* EstimoteSDK.framework in Frameworks */ = {isa = PBXBuildFile; fileRef = 65C3A9F61D505A7200B8B294 /* EstimoteSDK.framework */; };
/* End PBXBuildFile section */

/* Begin PBXFileReference section */
		65C3A9E11D5058C700B8B294 /* BeaconTute1_Airport.app */ = {isa = PBXFileReference; explicitFileType = wrapper.application; includeInIndex = 0; path = BeaconTute1_Airport.app; sourceTree = BUILT_PRODUCTS_DIR; };
		65C3A9E41D5058C700B8B294 /* AppDelegate.swift */ = {isa = PBXFileReference; lastKnownFileType = sourcecode.swift; path = AppDelegate.swift; sourceTree = "<group>"; };
		65C3A9E61D5058C700B8B294 /* ViewController.swift */ = {isa = PBXFileReference; lastKnownFileType = sourcecode.swift; path = ViewController.swift; sourceTree = "<group>"; };
		65C3A9E91D5058C700B8B294 /* Base */ = {isa = PBXFileReference; lastKnownFileType = file.storyboard; name = Base; path = Base.lproj/Main.storyboard; sourceTree = "<group>"; };
		65C3A9EB1D5058C700B8B294 /* Assets.xcassets */ = {isa = PBXFileReference; lastKnownFileType = folder.assetcatalog; path = Assets.xcassets; sourceTree = "<group>"; };
		65C3A9EE1D5058C700B8B294 /* Base */ = {isa = PBXFileReference; lastKnownFileType = file.storyboard; name = Base; path = Base.lproj/LaunchScreen.storyboard; sourceTree = "<group>"; };
		65C3A9F01D5058C700B8B294 /* Info.plist */ = {isa = PBXFileReference; lastKnownFileType = text.plist.xml; path = Info.plist; sourceTree = "<group>"; };
		65C3A9F61D505A7200B8B294 /* EstimoteSDK.framework */ = {isa = PBXFileReference; lastKnownFileType = wrapper.framework; path = EstimoteSDK.framework; sourceTree = "<group>"; };
		65C3A9F81D505AF000B8B294 /* ObjectiveCBridge.h */ = {isa = PBXFileReference; lastKnownFileType = sourcecode.c.h; path = ObjectiveCBridge.h; sourceTree = "<group>"; };
/* End PBXFileReference section */

/* Begin PBXFrameworksBuildPhase section */
		65C3A9DE1D5058C700B8B294 /* Frameworks */ = {
			isa = PBXFrameworksBuildPhase;
			buildActionMask = 2147483647;
			files = (
				65C3A9F71D505A7200B8B294 /* EstimoteSDK.framework in Frameworks */,
			);
			runOnlyForDeploymentPostprocessing = 0;
		};
/* End PBXFrameworksBuildPhase section */

/* Begin PBXGroup section */
		65C3A9D81D5058C700B8B294 = {
			isa = PBXGroup;
			children = (
				65C3A9E31D5058C700B8B294 /* BeaconTute1_Airport */,
				65C3A9E21D5058C700B8B294 /* Products */,
			);
			sourceTree = "<group>";
		};
		65C3A9E21D5058C700B8B294 /* Products */ = {
			isa = PBXGroup;
			children = (
				65C3A9E11D5058C700B8B294 /* BeaconTute1_Airport.app */,
			);
			name = Products;
			sourceTree = "<group>";
		};
		65C3A9E31D5058C700B8B294 /* BeaconTute1_Airport */ = {
			isa = PBXGroup;
			children = (
				65C3A9E41D5058C700B8B294 /* AppDelegate.swift */,
				65C3A9E61D5058C700B8B294 /* ViewController.swift */,
				65C3A9E81D5058C700B8B294 /* Main.storyboard */,
				65C3A9EB1D5058C700B8B294 /* Assets.xcassets */,
				65C3A9ED1D5058C700B8B294 /* LaunchScreen.storyboard */,
				65C3A9F01D5058C700B8B294 /* Info.plist */,
				65C3A9F61D505A7200B8B294 /* EstimoteSDK.framework */,
				65C3A9F81D505AF000B8B294 /* ObjectiveCBridge.h */,
			);
			path = BeaconTute1_Airport;
			sourceTree = "<group>";
		};
/* End PBXGroup section */

/* Begin PBXNativeTarget section */
		65C3A9E01D5058C700B8B294 /* BeaconTute1_Airport */ = {
			isa = PBXNativeTarget;
			buildConfigurationList = 65C3A9F31D5058C700B8B294 /* Build configuration list for PBXNativeTarget "BeaconTute1_Airport" */;
			buildPhases = (
				65C3A9DD1D5058C700B8B294 /* Sources */,
				65C3A9DE1D5058C700B8B294 /* Frameworks */,
				65C3A9DF1D5058C700B8B294 /* Resources */,
			);
			buildRules = (
			);
			dependencies = (
			);
			name = BeaconTute1_Airport;
			productName = BeaconTute1_Airport;
			productReference = 65C3A9E11D5058C700B8B294 /* BeaconTute1_Airport.app */;
			productType = "com.apple.product-type.application";
		};
/* End PBXNativeTarget section */

/* Begin PBXProject section */
		65C3A9D91D5058C700B8B294 /* Project object */ = {
			isa = PBXProject;
			attributes = {
				LastSwiftUpdateCheck = 0730;
				LastUpgradeCheck = 0800;
				ORGANIZATIONNAME = "Daniel Freeman";
				TargetAttributes = {
					65C3A9E01D5058C700B8B294 = {
						CreatedOnToolsVersion = 7.3.1;
						LastSwiftMigration = 0800;
					};
				};
			};
			buildConfigurationList = 65C3A9DC1D5058C700B8B294 /* Build configuration list for PBXProject "BeaconTute1_Airport" */;
			compatibilityVersion = "Xcode 3.2";
			developmentRegion = English;
			hasScannedForEncodings = 0;
			knownRegions = (
				en,
				Base,
			);
			mainGroup = 65C3A9D81D5058C700B8B294;
			productRefGroup = 65C3A9E21D5058C700B8B294 /* Products */;
			projectDirPath = "";
			projectRoot = "";
			targets = (
				65C3A9E01D5058C700B8B294 /* BeaconTute1_Airport */,
			);
		};
/* End PBXProject section */

/* Begin PBXResourcesBuildPhase section */
		65C3A9DF1D5058C700B8B294 /* Resources */ = {
			isa = PBXResourcesBuildPhase;
			buildActionMask = 2147483647;
			files = (
				65C3A9EF1D5058C700B8B294 /* LaunchScreen.storyboard in Resources */,
				65C3A9EC1D5058C700B8B294 /* Assets.xcassets in Resources */,
				65C3A9EA1D5058C700B8B294 /* Main.storyboard in Resources */,
			);
			runOnlyForDeploymentPostprocessing = 0;
		};
/* End PBXResourcesBuildPhase section */

/* Begin PBXSourcesBuildPhase section */
		65C3A9DD1D5058C700B8B294 /* Sources */ = {
			isa = PBXSourcesBuildPhase;
			buildActionMask = 2147483647;
			files = (
				65C3A9E71D5058C700B8B294 /* ViewController.swift in Sources */,
				65C3A9E51D5058C700B8B294 /* AppDelegate.swift in Sources */,
			);
			runOnlyForDeploymentPostprocessing = 0;
		};
/* End PBXSourcesBuildPhase section */

/* Begin PBXVariantGroup section */
		65C3A9E81D5058C700B8B294 /* Main.storyboard */ = {
			isa = PBXVariantGroup;
			children = (
				65C3A9E91D5058C700B8B294 /* Base */,
			);
			name = Main.storyboard;
			sourceTree = "<group>";
		};
		65C3A9ED1D5058C700B8B294 /* LaunchScreen.storyboard */ = {
			isa = PBXVariantGroup;
			children = (
				65C3A9EE1D5058C700B8B294 /* Base */,
			);
			name = LaunchScreen.storyboard;
			sourceTree = "<group>";
		};
/* End PBXVariantGroup section */

/* Begin XCBuildConfiguration section */
		65C3A9F11D5058C700B8B294 /* Debug */ = {
			isa = XCBuildConfiguration;
			buildSettings = {
				ALWAYS_SEARCH_USER_PATHS = NO;
				CLANG_ANALYZER_NONNULL = YES;
				CLANG_CXX_LANGUAGE_STANDARD = "gnu++0x";
				CLANG_CXX_LIBRARY = "libc++";
				CLANG_ENABLE_MODULES = YES;
				CLANG_ENABLE_OBJC_ARC = YES;
				CLANG_WARN_BOOL_CONVERSION = YES;
				CLANG_WARN_CONSTANT_CONVERSION = YES;
				CLANG_WARN_DIRECT_OBJC_ISA_USAGE = YES_ERROR;
				CLANG_WARN_EMPTY_BODY = YES;
				CLANG_WARN_ENUM_CONVERSION = YES;
				CLANG_WARN_INFINITE_RECURSION = YES;
				CLANG_WARN_INT_CONVERSION = YES;
				CLANG_WARN_OBJC_ROOT_CLASS = YES_ERROR;
				CLANG_WARN_SUSPICIOUS_MOVE = YES;
				CLANG_WARN_UNREACHABLE_CODE = YES;
				CLANG_WARN__DUPLICATE_METHOD_MATCH = YES;
				"CODE_SIGN_IDENTITY[sdk=iphoneos*]" = "iPhone Developer";
				COPY_PHASE_STRIP = NO;
				DEBUG_INFORMATION_FORMAT = dwarf;
				ENABLE_STRICT_OBJC_MSGSEND = YES;
				ENABLE_TESTABILITY = YES;
				GCC_C_LANGUAGE_STANDARD = gnu99;
				GCC_DYNAMIC_NO_PIC = NO;
				GCC_NO_COMMON_BLOCKS = YES;
				GCC_OPTIMIZATION_LEVEL = 0;
				GCC_PREPROCESSOR_DEFINITIONS = (
					"DEBUG=1",
					"$(inherited)",
				);
				GCC_WARN_64_TO_32_BIT_CONVERSION = YES;
				GCC_WARN_ABOUT_RETURN_TYPE = YES_ERROR;
				GCC_WARN_UNDECLARED_SELECTOR = YES;
				GCC_WARN_UNINITIALIZED_AUTOS = YES_AGGRESSIVE;
				GCC_WARN_UNUSED_FUNCTION = YES;
				GCC_WARN_UNUSED_VARIABLE = YES;
				IPHONEOS_DEPLOYMENT_TARGET = 9.3;
				MTL_ENABLE_DEBUG_INFO = YES;
				ONLY_ACTIVE_ARCH = YES;
				SDKROOT = iphoneos;
				SWIFT_OBJC_BRIDGING_HEADER = "${PROJECT_NAME}/ObjectiveCBridge.h";
				SWIFT_OPTIMIZATION_LEVEL = "-Onone";
				TARGETED_DEVICE_FAMILY = 2;
			};
			name = Debug;
		};
		65C3A9F21D5058C700B8B294 /* Release */ = {
			isa = XCBuildConfiguration;
			buildSettings = {
				ALWAYS_SEARCH_USER_PATHS = NO;
				CLANG_ANALYZER_NONNULL = YES;
				CLANG_CXX_LANGUAGE_STANDARD = "gnu++0x";
				CLANG_CXX_LIBRARY = "libc++";
				CLANG_ENABLE_MODULES = YES;
				CLANG_ENABLE_OBJC_ARC = YES;
				CLANG_WARN_BOOL_CONVERSION = YES;
				CLANG_WARN_CONSTANT_CONVERSION = YES;
				CLANG_WARN_DIRECT_OBJC_ISA_USAGE = YES_ERROR;
				CLANG_WARN_EMPTY_BODY = YES;
				CLANG_WARN_ENUM_CONVERSION = YES;
				CLANG_WARN_INFINITE_RECURSION = YES;
				CLANG_WARN_INT_CONVERSION = YES;
				CLANG_WARN_OBJC_ROOT_CLASS = YES_ERROR;
				CLANG_WARN_SUSPICIOUS_MOVE = YES;
				CLANG_WARN_UNREACHABLE_CODE = YES;
				CLANG_WARN__DUPLICATE_METHOD_MATCH = YES;
				"CODE_SIGN_IDENTITY[sdk=iphoneos*]" = "iPhone Developer";
				COPY_PHASE_STRIP = NO;
				DEBUG_INFORMATION_FORMAT = "dwarf-with-dsym";
				ENABLE_NS_ASSERTIONS = NO;
				ENABLE_STRICT_OBJC_MSGSEND = YES;
				GCC_C_LANGUAGE_STANDARD = gnu99;
				GCC_NO_COMMON_BLOCKS = YES;
				GCC_WARN_64_TO_32_BIT_CONVERSION = YES;
				GCC_WARN_ABOUT_RETURN_TYPE = YES_ERROR;
				GCC_WARN_UNDECLARED_SELECTOR = YES;
				GCC_WARN_UNINITIALIZED_AUTOS = YES_AGGRESSIVE;
				GCC_WARN_UNUSED_FUNCTION = YES;
				GCC_WARN_UNUSED_VARIABLE = YES;
				IPHONEOS_DEPLOYMENT_TARGET = 9.3;
				MTL_ENABLE_DEBUG_INFO = NO;
				SDKROOT = iphoneos;
				SWIFT_OBJC_BRIDGING_HEADER = "${PROJECT_NAME}/ObjectiveCBridge.h";
				SWIFT_OPTIMIZATION_LEVEL = "-Owholemodule";
				TARGETED_DEVICE_FAMILY = 2;
				VALIDATE_PRODUCT = YES;
			};
			name = Release;
		};
		65C3A9F41D5058C700B8B294 /* Debug */ = {
			isa = XCBuildConfiguration;
			buildSettings = {
				ASSETCATALOG_COMPILER_APPICON_NAME = AppIcon;
				FRAMEWORK_SEARCH_PATHS = (
					"$(inherited)",
					"$(PROJECT_DIR)/BeaconTute1_Airport",
				);
				INFOPLIST_FILE = BeaconTute1_Airport/Info.plist;
				LD_RUNPATH_SEARCH_PATHS = "$(inherited) @executable_path/Frameworks";
				PRODUCT_BUNDLE_IDENTIFIER = "com.example.BeaconTute1-Airport";
				PRODUCT_NAME = "$(TARGET_NAME)";
				SWIFT_VERSION = 3.0;
				TARGETED_DEVICE_FAMILY = "1,2";
			};
			name = Debug;
		};
		65C3A9F51D5058C700B8B294 /* Release */ = {
			isa = XCBuildConfiguration;
			buildSettings = {
				ASSETCATALOG_COMPILER_APPICON_NAME = AppIcon;
				FRAMEWORK_SEARCH_PATHS = (
					"$(inherited)",
					"$(PROJECT_DIR)/BeaconTute1_Airport",
				);
				INFOPLIST_FILE = BeaconTute1_Airport/Info.plist;
				LD_RUNPATH_SEARCH_PATHS = "$(inherited) @executable_path/Frameworks";
				PRODUCT_BUNDLE_IDENTIFIER = "com.example.BeaconTute1-Airport";
				PRODUCT_NAME = "$(TARGET_NAME)";
				SWIFT_VERSION = 3.0;
				TARGETED_DEVICE_FAMILY = "1,2";
			};
			name = Release;
		};
/* End XCBuildConfiguration section */

/* Begin XCConfigurationList section */
		65C3A9DC1D5058C700B8B294 /* Build configuration list for PBXProject "BeaconTute1_Airport" */ = {
			isa = XCConfigurationList;
			buildConfigurations = (
				65C3A9F11D5058C700B8B294 /* Debug */,
				65C3A9F21D5058C700B8B294 /* Release */,
			);
			defaultConfigurationIsVisible = 0;
			defaultConfigurationName = Release;
		};
		65C3A9F31D5058C700B8B294 /* Build configuration list for PBXNativeTarget "BeaconTute1_Airport" */ = {
			isa = XCConfigurationList;
			buildConfigurations = (
				65C3A9F41D5058C700B8B294 /* Debug */,
				65C3A9F51D5058C700B8B294 /* Release */,
			);
			defaultConfigurationIsVisible = 0;
			defaultConfigurationName = Release;
		};
/* End XCConfigurationList section */
	};
	rootObject = 65C3A9D91D5058C700B8B294 /* Project object */;
}
