// !$*UTF8*$!
{
	archiveVersion = 1;
	classes = {
	};
	objectVersion = 46;
	objects = {

/* Begin PBXBuildFile section */
		65F898C61D40E971000729B7 /* AppDelegate.swift in Sources */ = {isa = PBXBuildFile; fileRef = 65F898C51D40E971000729B7 /* AppDelegate.swift */; };
		65F898C81D40E971000729B7 /* ViewController.swift in Sources */ = {isa = PBXBuildFile; fileRef = 65F898C71D40E971000729B7 /* ViewController.swift */; };
		65F898CB1D40E971000729B7 /* Main.storyboard in Resources */ = {isa = PBXBuildFile; fileRef = 65F898C91D40E971000729B7 /* Main.storyboard */; };
		65F898CD1D40E971000729B7 /* Assets.xcassets in Resources */ = {isa = PBXBuildFile; fileRef = 65F898CC1D40E971000729B7 /* Assets.xcassets */; };
		65F898D01D40E971000729B7 /* LaunchScreen.storyboard in Resources */ = {isa = PBXBuildFile; fileRef = 65F898CE1D40E971000729B7 /* LaunchScreen.storyboard */; };
		65F898D81D430A8B000729B7 /* level1.txt in Resources */ = {isa = PBXBuildFile; fileRef = 65F898D71D430A8B000729B7 /* level1.txt */; };
/* End PBXBuildFile section */

/* Begin PBXFileReference section */
		65F898C21D40E971000729B7 /* Project8.app */ = {isa = PBXFileReference; explicitFileType = wrapper.application; includeInIndex = 0; path = Project8.app; sourceTree = BUILT_PRODUCTS_DIR; };
		65F898C51D40E971000729B7 /* AppDelegate.swift */ = {isa = PBXFileReference; lastKnownFileType = sourcecode.swift; path = AppDelegate.swift; sourceTree = "<group>"; };
		65F898C71D40E971000729B7 /* ViewController.swift */ = {isa = PBXFileReference; lastKnownFileType = sourcecode.swift; path = ViewController.swift; sourceTree = "<group>"; };
		65F898CA1D40E971000729B7 /* Base */ = {isa = PBXFileReference; lastKnownFileType = file.storyboard; name = Base; path = Base.lproj/Main.storyboard; sourceTree = "<group>"; };
		65F898CC1D40E971000729B7 /* Assets.xcassets */ = {isa = PBXFileReference; lastKnownFileType = folder.assetcatalog; path = Assets.xcassets; sourceTree = "<group>"; };
		65F898CF1D40E971000729B7 /* Base */ = {isa = PBXFileReference; lastKnownFileType = file.storyboard; name = Base; path = Base.lproj/LaunchScreen.storyboard; sourceTree = "<group>"; };
		65F898D11D40E971000729B7 /* Info.plist */ = {isa = PBXFileReference; lastKnownFileType = text.plist.xml; path = Info.plist; sourceTree = "<group>"; };
		65F898D71D430A8B000729B7 /* level1.txt */ = {isa = PBXFileReference; fileEncoding = 4; lastKnownFileType = text; path = level1.txt; sourceTree = "<group>"; };
/* End PBXFileReference section */

/* Begin PBXFrameworksBuildPhase section */
		65F898BF1D40E971000729B7 /* Frameworks */ = {
			isa = PBXFrameworksBuildPhase;
			buildActionMask = 2147483647;
			files = (
			);
			runOnlyForDeploymentPostprocessing = 0;
		};
/* End PBXFrameworksBuildPhase section */

/* Begin PBXGroup section */
		65F898B91D40E971000729B7 = {
			isa = PBXGroup;
			children = (
				65F898C41D40E971000729B7 /* Project8 */,
				65F898C31D40E971000729B7 /* Products */,
			);
			sourceTree = "<group>";
		};
		65F898C31D40E971000729B7 /* Products */ = {
			isa = PBXGroup;
			children = (
				65F898C21D40E971000729B7 /* Project8.app */,
			);
			name = Products;
			sourceTree = "<group>";
		};
		65F898C41D40E971000729B7 /* Project8 */ = {
			isa = PBXGroup;
			children = (
				65F898C51D40E971000729B7 /* AppDelegate.swift */,
				65F898C71D40E971000729B7 /* ViewController.swift */,
				65F898C91D40E971000729B7 /* Main.storyboard */,
				65F898CC1D40E971000729B7 /* Assets.xcassets */,
				65F898CE1D40E971000729B7 /* LaunchScreen.storyboard */,
				65F898D11D40E971000729B7 /* Info.plist */,
				65F898D71D430A8B000729B7 /* level1.txt */,
			);
			path = Project8;
			sourceTree = "<group>";
		};
/* End PBXGroup section */

/* Begin PBXNativeTarget section */
		65F898C11D40E971000729B7 /* Project8 */ = {
			isa = PBXNativeTarget;
			buildConfigurationList = 65F898D41D40E971000729B7 /* Build configuration list for PBXNativeTarget "Project8" */;
			buildPhases = (
				65F898BE1D40E971000729B7 /* Sources */,
				65F898BF1D40E971000729B7 /* Frameworks */,
				65F898C01D40E971000729B7 /* Resources */,
			);
			buildRules = (
			);
			dependencies = (
			);
			name = Project8;
			productName = Project8;
			productReference = 65F898C21D40E971000729B7 /* Project8.app */;
			productType = "com.apple.product-type.application";
		};
/* End PBXNativeTarget section */

/* Begin PBXProject section */
		65F898BA1D40E971000729B7 /* Project object */ = {
			isa = PBXProject;
			attributes = {
				LastSwiftUpdateCheck = 0730;
				LastUpgradeCheck = 0730;
				ORGANIZATIONNAME = "Daniel Freeman";
				TargetAttributes = {
					65F898C11D40E971000729B7 = {
						CreatedOnToolsVersion = 7.3.1;
					};
				};
			};
			buildConfigurationList = 65F898BD1D40E971000729B7 /* Build configuration list for PBXProject "Project8" */;
			compatibilityVersion = "Xcode 3.2";
			developmentRegion = English;
			hasScannedForEncodings = 0;
			knownRegions = (
				en,
				Base,
			);
			mainGroup = 65F898B91D40E971000729B7;
			productRefGroup = 65F898C31D40E971000729B7 /* Products */;
			projectDirPath = "";
			projectRoot = "";
			targets = (
				65F898C11D40E971000729B7 /* Project8 */,
			);
		};
/* End PBXProject section */

/* Begin PBXResourcesBuildPhase section */
		65F898C01D40E971000729B7 /* Resources */ = {
			isa = PBXResourcesBuildPhase;
			buildActionMask = 2147483647;
			files = (
				65F898D01D40E971000729B7 /* LaunchScreen.storyboard in Resources */,
				65F898D81D430A8B000729B7 /* level1.txt in Resources */,
				65F898CD1D40E971000729B7 /* Assets.xcassets in Resources */,
				65F898CB1D40E971000729B7 /* Main.storyboard in Resources */,
			);
			runOnlyForDeploymentPostprocessing = 0;
		};
/* End PBXResourcesBuildPhase section */

/* Begin PBXSourcesBuildPhase section */
		65F898BE1D40E971000729B7 /* Sources */ = {
			isa = PBXSourcesBuildPhase;
			buildActionMask = 2147483647;
			files = (
				65F898C81D40E971000729B7 /* ViewController.swift in Sources */,
				65F898C61D40E971000729B7 /* AppDelegate.swift in Sources */,
			);
			runOnlyForDeploymentPostprocessing = 0;
		};
/* End PBXSourcesBuildPhase section */

/* Begin PBXVariantGroup section */
		65F898C91D40E971000729B7 /* Main.storyboard */ = {
			isa = PBXVariantGroup;
			children = (
				65F898CA1D40E971000729B7 /* Base */,
			);
			name = Main.storyboard;
			sourceTree = "<group>";
		};
		65F898CE1D40E971000729B7 /* LaunchScreen.storyboard */ = {
			isa = PBXVariantGroup;
			children = (
				65F898CF1D40E971000729B7 /* Base */,
			);
			name = LaunchScreen.storyboard;
			sourceTree = "<group>";
		};
/* End PBXVariantGroup section */

/* Begin XCBuildConfiguration section */
		65F898D21D40E971000729B7 /* Debug */ = {
			isa = XCBuildConfiguration;
			buildSettings = {
				ALWAYS_SEARCH_USER_PATHS = NO;
				CLANG_ANALYZER_NONNULL = YES;
				CLANG_CXX_LANGUAGE_STANDARD = "gnu++0x";
				CLANG_CXX_LIBRARY = "libc++";
				CLANG_ENABLE_MODULES = YES;
				CLANG_ENABLE_OBJC_ARC = YES;
				CLANG_WARN_BOOL_CONVERSION = YES;
				CLANG_WARN_CONSTANT_CONVERSION = YES;
				CLANG_WARN_DIRECT_OBJC_ISA_USAGE = YES_ERROR;
				CLANG_WARN_EMPTY_BODY = YES;
				CLANG_WARN_ENUM_CONVERSION = YES;
				CLANG_WARN_INT_CONVERSION = YES;
				CLANG_WARN_OBJC_ROOT_CLASS = YES_ERROR;
				CLANG_WARN_UNREACHABLE_CODE = YES;
				CLANG_WARN__DUPLICATE_METHOD_MATCH = YES;
				"CODE_SIGN_IDENTITY[sdk=iphoneos*]" = "iPhone Developer";
				COPY_PHASE_STRIP = NO;
				DEBUG_INFORMATION_FORMAT = dwarf;
				ENABLE_STRICT_OBJC_MSGSEND = YES;
				ENABLE_TESTABILITY = YES;
				GCC_C_LANGUAGE_STANDARD = gnu99;
				GCC_DYNAMIC_NO_PIC = NO;
				GCC_NO_COMMON_BLOCKS = YES;
				GCC_OPTIMIZATION_LEVEL = 0;
				GCC_PREPROCESSOR_DEFINITIONS = (
					"DEBUG=1",
					"$(inherited)",
				);
				GCC_WARN_64_TO_32_BIT_CONVERSION = YES;
				GCC_WARN_ABOUT_RETURN_TYPE = YES_ERROR;
				GCC_WARN_UNDECLARED_SELECTOR = YES;
				GCC_WARN_UNINITIALIZED_AUTOS = YES_AGGRESSIVE;
				GCC_WARN_UNUSED_FUNCTION = YES;
				GCC_WARN_UNUSED_VARIABLE = YES;
				IPHONEOS_DEPLOYMENT_TARGET = 9.3;
				MTL_ENABLE_DEBUG_INFO = YES;
				ONLY_ACTIVE_ARCH = YES;
				SDKROOT = iphoneos;
				SWIFT_OPTIMIZATION_LEVEL = "-Onone";
				TARGETED_DEVICE_FAMILY = 2;
			};
			name = Debug;
		};
		65F898D31D40E971000729B7 /* Release */ = {
			isa = XCBuildConfiguration;
			buildSettings = {
				ALWAYS_SEARCH_USER_PATHS = NO;
				CLANG_ANALYZER_NONNULL = YES;
				CLANG_CXX_LANGUAGE_STANDARD = "gnu++0x";
				CLANG_CXX_LIBRARY = "libc++";
				CLANG_ENABLE_MODULES = YES;
				CLANG_ENABLE_OBJC_ARC = YES;
				CLANG_WARN_BOOL_CONVERSION = YES;
				CLANG_WARN_CONSTANT_CONVERSION = YES;
				CLANG_WARN_DIRECT_OBJC_ISA_USAGE = YES_ERROR;
				CLANG_WARN_EMPTY_BODY = YES;
				CLANG_WARN_ENUM_CONVERSION = YES;
				CLANG_WARN_INT_CONVERSION = YES;
				CLANG_WARN_OBJC_ROOT_CLASS = YES_ERROR;
				CLANG_WARN_UNREACHABLE_CODE = YES;
				CLANG_WARN__DUPLICATE_METHOD_MATCH = YES;
				"CODE_SIGN_IDENTITY[sdk=iphoneos*]" = "iPhone Developer";
				COPY_PHASE_STRIP = NO;
				DEBUG_INFORMATION_FORMAT = "dwarf-with-dsym";
				ENABLE_NS_ASSERTIONS = NO;
				ENABLE_STRICT_OBJC_MSGSEND = YES;
				GCC_C_LANGUAGE_STANDARD = gnu99;
				GCC_NO_COMMON_BLOCKS = YES;
				GCC_WARN_64_TO_32_BIT_CONVERSION = YES;
				GCC_WARN_ABOUT_RETURN_TYPE = YES_ERROR;
				GCC_WARN_UNDECLARED_SELECTOR = YES;
				GCC_WARN_UNINITIALIZED_AUTOS = YES_AGGRESSIVE;
				GCC_WARN_UNUSED_FUNCTION = YES;
				GCC_WARN_UNUSED_VARIABLE = YES;
				IPHONEOS_DEPLOYMENT_TARGET = 9.3;
				MTL_ENABLE_DEBUG_INFO = NO;
				SDKROOT = iphoneos;
				TARGETED_DEVICE_FAMILY = 2;
				VALIDATE_PRODUCT = YES;
			};
			name = Release;
		};
		65F898D51D40E971000729B7 /* Debug */ = {
			isa = XCBuildConfiguration;
			buildSettings = {
				ASSETCATALOG_COMPILER_APPICON_NAME = AppIcon;
				INFOPLIST_FILE = Project8/Info.plist;
				LD_RUNPATH_SEARCH_PATHS = "$(inherited) @executable_path/Frameworks";
				PRODUCT_BUNDLE_IDENTIFIER = com.example.Project8;
				PRODUCT_NAME = "$(TARGET_NAME)";
			};
			name = Debug;
		};
		65F898D61D40E971000729B7 /* Release */ = {
			isa = XCBuildConfiguration;
			buildSettings = {
				ASSETCATALOG_COMPILER_APPICON_NAME = AppIcon;
				INFOPLIST_FILE = Project8/Info.plist;
				LD_RUNPATH_SEARCH_PATHS = "$(inherited) @executable_path/Frameworks";
				PRODUCT_BUNDLE_IDENTIFIER = com.example.Project8;
				PRODUCT_NAME = "$(TARGET_NAME)";
			};
			name = Release;
		};
/* End XCBuildConfiguration section */

/* Begin XCConfigurationList section */
		65F898BD1D40E971000729B7 /* Build configuration list for PBXProject "Project8" */ = {
			isa = XCConfigurationList;
			buildConfigurations = (
				65F898D21D40E971000729B7 /* Debug */,
				65F898D31D40E971000729B7 /* Release */,
			);
			defaultConfigurationIsVisible = 0;
			defaultConfigurationName = Release;
		};
		65F898D41D40E971000729B7 /* Build configuration list for PBXNativeTarget "Project8" */ = {
			isa = XCConfigurationList;
			buildConfigurations = (
				65F898D51D40E971000729B7 /* Debug */,
				65F898D61D40E971000729B7 /* Release */,
			);
			defaultConfigurationIsVisible = 0;
		};
/* End XCConfigurationList section */
	};
	rootObject = 65F898BA1D40E971000729B7 /* Project object */;
}
