// !$*UTF8*$!
{
	archiveVersion = 1;
	classes = {
	};
	objectVersion = 46;
	objects = {

/* Begin PBXBuildFile section */
		6502B67A1D2F4D53006A122E /* AppDelegate.swift in Sources */ = {isa = PBXBuildFile; fileRef = 6502B6791D2F4D53006A122E /* AppDelegate.swift */; };
		6502B67C1D2F4D53006A122E /* ViewController.swift in Sources */ = {isa = PBXBuildFile; fileRef = 6502B67B1D2F4D53006A122E /* ViewController.swift */; };
		6502B67F1D2F4D53006A122E /* Main.storyboard in Resources */ = {isa = PBXBuildFile; fileRef = 6502B67D1D2F4D53006A122E /* Main.storyboard */; };
		6502B6811D2F4D53006A122E /* Assets.xcassets in Resources */ = {isa = PBXBuildFile; fileRef = 6502B6801D2F4D53006A122E /* Assets.xcassets */; };
		6502B6841D2F4D53006A122E /* LaunchScreen.storyboard in Resources */ = {isa = PBXBuildFile; fileRef = 6502B6821D2F4D53006A122E /* LaunchScreen.storyboard */; };
/* End PBXBuildFile section */

/* Begin PBXFileReference section */
		6502B6761D2F4D53006A122E /* Project6a.app */ = {isa = PBXFileReference; explicitFileType = wrapper.application; includeInIndex = 0; path = Project6a.app; sourceTree = BUILT_PRODUCTS_DIR; };
		6502B6791D2F4D53006A122E /* AppDelegate.swift */ = {isa = PBXFileReference; lastKnownFileType = sourcecode.swift; path = AppDelegate.swift; sourceTree = "<group>"; };
		6502B67B1D2F4D53006A122E /* ViewController.swift */ = {isa = PBXFileReference; lastKnownFileType = sourcecode.swift; path = ViewController.swift; sourceTree = "<group>"; };
		6502B67E1D2F4D53006A122E /* Base */ = {isa = PBXFileReference; lastKnownFileType = file.storyboard; name = Base; path = Base.lproj/Main.storyboard; sourceTree = "<group>"; };
		6502B6801D2F4D53006A122E /* Assets.xcassets */ = {isa = PBXFileReference; lastKnownFileType = folder.assetcatalog; path = Assets.xcassets; sourceTree = "<group>"; };
		6502B6831D2F4D53006A122E /* Base */ = {isa = PBXFileReference; lastKnownFileType = file.storyboard; name = Base; path = Base.lproj/LaunchScreen.storyboard; sourceTree = "<group>"; };
		6502B6851D2F4D53006A122E /* Info.plist */ = {isa = PBXFileReference; lastKnownFileType = text.plist.xml; path = Info.plist; sourceTree = "<group>"; };
/* End PBXFileReference section */

/* Begin PBXFrameworksBuildPhase section */
		6502B6731D2F4D53006A122E /* Frameworks */ = {
			isa = PBXFrameworksBuildPhase;
			buildActionMask = 2147483647;
			files = (
			);
			runOnlyForDeploymentPostprocessing = 0;
		};
/* End PBXFrameworksBuildPhase section */

/* Begin PBXGroup section */
		6502B66D1D2F4D53006A122E = {
			isa = PBXGroup;
			children = (
				6502B6781D2F4D53006A122E /* Project6a */,
				6502B6771D2F4D53006A122E /* Products */,
			);
			sourceTree = "<group>";
		};
		6502B6771D2F4D53006A122E /* Products */ = {
			isa = PBXGroup;
			children = (
				6502B6761D2F4D53006A122E /* Project6a.app */,
			);
			name = Products;
			sourceTree = "<group>";
		};
		6502B6781D2F4D53006A122E /* Project6a */ = {
			isa = PBXGroup;
			children = (
				6502B6791D2F4D53006A122E /* AppDelegate.swift */,
				6502B67B1D2F4D53006A122E /* ViewController.swift */,
				6502B67D1D2F4D53006A122E /* Main.storyboard */,
				6502B6801D2F4D53006A122E /* Assets.xcassets */,
				6502B6821D2F4D53006A122E /* LaunchScreen.storyboard */,
				6502B6851D2F4D53006A122E /* Info.plist */,
			);
			name = Project6a;
			path = Project2;
			sourceTree = "<group>";
		};
/* End PBXGroup section */

/* Begin PBXNativeTarget section */
		6502B6751D2F4D53006A122E /* Project6a */ = {
			isa = PBXNativeTarget;
			buildConfigurationList = 6502B6881D2F4D53006A122E /* Build configuration list for PBXNativeTarget "Project6a" */;
			buildPhases = (
				6502B6721D2F4D53006A122E /* Sources */,
				6502B6731D2F4D53006A122E /* Frameworks */,
				6502B6741D2F4D53006A122E /* Resources */,
			);
			buildRules = (
			);
			dependencies = (
			);
			name = Project6a;
			productName = Project2;
			productReference = 6502B6761D2F4D53006A122E /* Project6a.app */;
			productType = "com.apple.product-type.application";
		};
/* End PBXNativeTarget section */

/* Begin PBXProject section */
		6502B66E1D2F4D53006A122E /* Project object */ = {
			isa = PBXProject;
			attributes = {
				LastSwiftUpdateCheck = 0730;
				LastUpgradeCheck = 0730;
				ORGANIZATIONNAME = "Daniel Freeman";
				TargetAttributes = {
					6502B6751D2F4D53006A122E = {
						CreatedOnToolsVersion = 7.3.1;
					};
				};
			};
			buildConfigurationList = 6502B6711D2F4D53006A122E /* Build configuration list for PBXProject "Project6a" */;
			compatibilityVersion = "Xcode 3.2";
			developmentRegion = English;
			hasScannedForEncodings = 0;
			knownRegions = (
				en,
				Base,
			);
			mainGroup = 6502B66D1D2F4D53006A122E;
			productRefGroup = 6502B6771D2F4D53006A122E /* Products */;
			projectDirPath = "";
			projectRoot = "";
			targets = (
				6502B6751D2F4D53006A122E /* Project6a */,
			);
		};
/* End PBXProject section */

/* Begin PBXResourcesBuildPhase section */
		6502B6741D2F4D53006A122E /* Resources */ = {
			isa = PBXResourcesBuildPhase;
			buildActionMask = 2147483647;
			files = (
				6502B6841D2F4D53006A122E /* LaunchScreen.storyboard in Resources */,
				6502B6811D2F4D53006A122E /* Assets.xcassets in Resources */,
				6502B67F1D2F4D53006A122E /* Main.storyboard in Resources */,
			);
			runOnlyForDeploymentPostprocessing = 0;
		};
/* End PBXResourcesBuildPhase section */

/* Begin PBXSourcesBuildPhase section */
		6502B6721D2F4D53006A122E /* Sources */ = {
			isa = PBXSourcesBuildPhase;
			buildActionMask = 2147483647;
			files = (
				6502B67C1D2F4D53006A122E /* ViewController.swift in Sources */,
				6502B67A1D2F4D53006A122E /* AppDelegate.swift in Sources */,
			);
			runOnlyForDeploymentPostprocessing = 0;
		};
/* End PBXSourcesBuildPhase section */

/* Begin PBXVariantGroup section */
		6502B67D1D2F4D53006A122E /* Main.storyboard */ = {
			isa = PBXVariantGroup;
			children = (
				6502B67E1D2F4D53006A122E /* Base */,
			);
			name = Main.storyboard;
			sourceTree = "<group>";
		};
		6502B6821D2F4D53006A122E /* LaunchScreen.storyboard */ = {
			isa = PBXVariantGroup;
			children = (
				6502B6831D2F4D53006A122E /* Base */,
			);
			name = LaunchScreen.storyboard;
			sourceTree = "<group>";
		};
/* End PBXVariantGroup section */

/* Begin XCBuildConfiguration section */
		6502B6861D2F4D53006A122E /* Debug */ = {
			isa = XCBuildConfiguration;
			buildSettings = {
				ALWAYS_SEARCH_USER_PATHS = NO;
				CLANG_ANALYZER_NONNULL = YES;
				CLANG_CXX_LANGUAGE_STANDARD = "gnu++0x";
				CLANG_CXX_LIBRARY = "libc++";
				CLANG_ENABLE_MODULES = YES;
				CLANG_ENABLE_OBJC_ARC = YES;
				CLANG_WARN_BOOL_CONVERSION = YES;
				CLANG_WARN_CONSTANT_CONVERSION = YES;
				CLANG_WARN_DIRECT_OBJC_ISA_USAGE = YES_ERROR;
				CLANG_WARN_EMPTY_BODY = YES;
				CLANG_WARN_ENUM_CONVERSION = YES;
				CLANG_WARN_INT_CONVERSION = YES;
				CLANG_WARN_OBJC_ROOT_CLASS = YES_ERROR;
				CLANG_WARN_UNREACHABLE_CODE = YES;
				CLANG_WARN__DUPLICATE_METHOD_MATCH = YES;
				"CODE_SIGN_IDENTITY[sdk=iphoneos*]" = "iPhone Developer";
				COPY_PHASE_STRIP = NO;
				DEBUG_INFORMATION_FORMAT = dwarf;
				ENABLE_STRICT_OBJC_MSGSEND = YES;
				ENABLE_TESTABILITY = YES;
				GCC_C_LANGUAGE_STANDARD = gnu99;
				GCC_DYNAMIC_NO_PIC = NO;
				GCC_NO_COMMON_BLOCKS = YES;
				GCC_OPTIMIZATION_LEVEL = 0;
				GCC_PREPROCESSOR_DEFINITIONS = (
					"DEBUG=1",
					"$(inherited)",
				);
				GCC_WARN_64_TO_32_BIT_CONVERSION = YES;
				GCC_WARN_ABOUT_RETURN_TYPE = YES_ERROR;
				GCC_WARN_UNDECLARED_SELECTOR = YES;
				GCC_WARN_UNINITIALIZED_AUTOS = YES_AGGRESSIVE;
				GCC_WARN_UNUSED_FUNCTION = YES;
				GCC_WARN_UNUSED_VARIABLE = YES;
				IPHONEOS_DEPLOYMENT_TARGET = 9.3;
				MTL_ENABLE_DEBUG_INFO = YES;
				ONLY_ACTIVE_ARCH = YES;
				SDKROOT = iphoneos;
				SWIFT_OPTIMIZATION_LEVEL = "-Onone";
				TARGETED_DEVICE_FAMILY = "1,2";
			};
			name = Debug;
		};
		6502B6871D2F4D53006A122E /* Release */ = {
			isa = XCBuildConfiguration;
			buildSettings = {
				ALWAYS_SEARCH_USER_PATHS = NO;
				CLANG_ANALYZER_NONNULL = YES;
				CLANG_CXX_LANGUAGE_STANDARD = "gnu++0x";
				CLANG_CXX_LIBRARY = "libc++";
				CLANG_ENABLE_MODULES = YES;
				CLANG_ENABLE_OBJC_ARC = YES;
				CLANG_WARN_BOOL_CONVERSION = YES;
				CLANG_WARN_CONSTANT_CONVERSION = YES;
				CLANG_WARN_DIRECT_OBJC_ISA_USAGE = YES_ERROR;
				CLANG_WARN_EMPTY_BODY = YES;
				CLANG_WARN_ENUM_CONVERSION = YES;
				CLANG_WARN_INT_CONVERSION = YES;
				CLANG_WARN_OBJC_ROOT_CLASS = YES_ERROR;
				CLANG_WARN_UNREACHABLE_CODE = YES;
				CLANG_WARN__DUPLICATE_METHOD_MATCH = YES;
				"CODE_SIGN_IDENTITY[sdk=iphoneos*]" = "iPhone Developer";
				COPY_PHASE_STRIP = NO;
				DEBUG_INFORMATION_FORMAT = "dwarf-with-dsym";
				ENABLE_NS_ASSERTIONS = NO;
				ENABLE_STRICT_OBJC_MSGSEND = YES;
				GCC_C_LANGUAGE_STANDARD = gnu99;
				GCC_NO_COMMON_BLOCKS = YES;
				GCC_WARN_64_TO_32_BIT_CONVERSION = YES;
				GCC_WARN_ABOUT_RETURN_TYPE = YES_ERROR;
				GCC_WARN_UNDECLARED_SELECTOR = YES;
				GCC_WARN_UNINITIALIZED_AUTOS = YES_AGGRESSIVE;
				GCC_WARN_UNUSED_FUNCTION = YES;
				GCC_WARN_UNUSED_VARIABLE = YES;
				IPHONEOS_DEPLOYMENT_TARGET = 9.3;
				MTL_ENABLE_DEBUG_INFO = NO;
				SDKROOT = iphoneos;
				TARGETED_DEVICE_FAMILY = "1,2";
				VALIDATE_PRODUCT = YES;
			};
			name = Release;
		};
		6502B6891D2F4D53006A122E /* Debug */ = {
			isa = XCBuildConfiguration;
			buildSettings = {
				ASSETCATALOG_COMPILER_APPICON_NAME = AppIcon;
				INFOPLIST_FILE = Project2/Info.plist;
				LD_RUNPATH_SEARCH_PATHS = "$(inherited) @executable_path/Frameworks";
				PRODUCT_BUNDLE_IDENTIFIER = com.example.Project6a;
				PRODUCT_NAME = Project6a;
			};
			name = Debug;
		};
		6502B68A1D2F4D53006A122E /* Release */ = {
			isa = XCBuildConfiguration;
			buildSettings = {
				ASSETCATALOG_COMPILER_APPICON_NAME = AppIcon;
				INFOPLIST_FILE = Project2/Info.plist;
				LD_RUNPATH_SEARCH_PATHS = "$(inherited) @executable_path/Frameworks";
				PRODUCT_BUNDLE_IDENTIFIER = com.example.Project6a;
				PRODUCT_NAME = Project6a;
			};
			name = Release;
		};
/* End XCBuildConfiguration section */

/* Begin XCConfigurationList section */
		6502B6711D2F4D53006A122E /* Build configuration list for PBXProject "Project6a" */ = {
			isa = XCConfigurationList;
			buildConfigurations = (
				6502B6861D2F4D53006A122E /* Debug */,
				6502B6871D2F4D53006A122E /* Release */,
			);
			defaultConfigurationIsVisible = 0;
			defaultConfigurationName = Release;
		};
		6502B6881D2F4D53006A122E /* Build configuration list for PBXNativeTarget "Project6a" */ = {
			isa = XCConfigurationList;
			buildConfigurations = (
				6502B6891D2F4D53006A122E /* Debug */,
				6502B68A1D2F4D53006A122E /* Release */,
			);
			defaultConfigurationIsVisible = 0;
			defaultConfigurationName = Release;
		};
/* End XCConfigurationList section */
	};
	rootObject = 6502B66E1D2F4D53006A122E /* Project object */;
}
